
Microsoft Visual Studio Solution File, Format Version 12.00
# Visual Studio 2012
Project("{FAE04EC0-301F-11D3-BF4B-00C04F79EFBC}") = "Gold Lotto Checker", "Gold Lotto Checker\Gold Lotto Checker.csproj", "{08000F9F-0FD6-4FFB-AA31-3965CE250635}"
EndProject
Project("{FAE04EC0-301F-11D3-BF4B-00C04F79EFBC}") = "Advanced Gold Lotto Checker", "Advanced Gold Lotto Checker\Advanced Gold Lotto Checker.csproj", "{FBF381AE-1ACC-432F-8DEE-2722BC0F4F77}"
EndProject
Global
	GlobalSection(SolutionConfigurationPlatforms) = preSolution
		Debug|Any CPU = Debug|Any CPU
		Release|Any CPU = Release|Any CPU
	EndGlobalSection
	GlobalSection(ProjectConfigurationPlatforms) = postSolution
		{08000F9F-0FD6-4FFB-AA31-3965CE250635}.Debug|Any CPU.ActiveCfg = Debug|Any CPU
		{08000F9F-0FD6-4FFB-AA31-3965CE250635}.Debug|Any CPU.Build.0 = Debug|Any CPU
		{08000F9F-0FD6-4FFB-AA31-3965CE250635}.Release|Any CPU.ActiveCfg = Release|Any CPU
		{08000F9F-0FD6-4FFB-AA31-3965CE250635}.Release|Any CPU.Build.0 = Release|Any CPU
		{FBF381AE-1ACC-432F-8DEE-2722BC0F4F77}.Debug|Any CPU.ActiveCfg = Debug|Any CPU
		{FBF381AE-1ACC-432F-8DEE-2722BC0F4F77}.Debug|Any CPU.Build.0 = Debug|Any CPU
		{FBF381AE-1ACC-432F-8DEE-2722BC0F4F77}.Release|Any CPU.ActiveCfg = Release|Any CPU
		{FBF381AE-1ACC-432F-8DEE-2722BC0F4F77}.Release|Any CPU.Build.0 = Release|Any CPU
	EndGlobalSection
	GlobalSection(SolutionProperties) = preSolution
		HideSolutionNode = FALSE
	EndGlobalSection
EndGlobal
