
Microsoft Visual Studio Solution File, Format Version 12.00
# Visual Studio 2012
Project("{FAE04EC0-301F-11D3-BF4B-00C04F79EFBC}") = "Employee Class Library", "Employee Class Library\Employee Class Library.csproj", "{87C26C9D-9667-4D7D-B250-D4FA3F9DDB54}"
EndProject
Global
	GlobalSection(SolutionConfigurationPlatforms) = preSolution
		Debug|Any CPU = Debug|Any CPU
		Release|Any CPU = Release|Any CPU
	EndGlobalSection
	GlobalSection(ProjectConfigurationPlatforms) = postSolution
		{87C26C9D-9667-4D7D-B250-D4FA3F9DDB54}.Debug|Any CPU.ActiveCfg = Debug|Any CPU
		{87C26C9D-9667-4D7D-B250-D4FA3F9DDB54}.Debug|Any CPU.Build.0 = Debug|Any CPU
		{87C26C9D-9667-4D7D-B250-D4FA3F9DDB54}.Release|Any CPU.ActiveCfg = Release|Any CPU
		{87C26C9D-9667-4D7D-B250-D4FA3F9DDB54}.Release|Any CPU.Build.0 = Release|Any CPU
	EndGlobalSection
	GlobalSection(SolutionProperties) = preSolution
		HideSolutionNode = FALSE
	EndGlobalSection
EndGlobal
